
Microsoft Visual Studio Solution File, Format Version 12.00
# Visual Studio 15
Project("{FAE04EC0-301F-11D3-BF4B-00C04F79EFBC}") = "Assembly-CSharp", "Assembly-CSharp.csproj", "{FA2A172B-E8BC-9046-83C6-398385B11116}"
EndProject
Project("{FAE04EC0-301F-11D3-BF4B-00C04F79EFBC}") = "Assembly-CSharp-Editor", "Assembly-CSharp-Editor.csproj", "{6F7C69CE-42E0-1AD8-AF6D-C8A64B83DE44}"
EndProject
Global
	GlobalSection(SolutionConfigurationPlatforms) = preSolution
		Debug|Any CPU = Debug|Any CPU
		Release|Any CPU = Release|Any CPU
	EndGlobalSection
	GlobalSection(ProjectConfigurationPlatforms) = postSolution
		{FA2A172B-E8BC-9046-83C6-398385B11116}.Debug|Any CPU.ActiveCfg = Debug|Any CPU
		{FA2A172B-E8BC-9046-83C6-398385B11116}.Debug|Any CPU.Build.0 = Debug|Any CPU
		{FA2A172B-E8BC-9046-83C6-398385B11116}.Release|Any CPU.ActiveCfg = Release|Any CPU
		{FA2A172B-E8BC-9046-83C6-398385B11116}.Release|Any CPU.Build.0 = Release|Any CPU
		{6F7C69CE-42E0-1AD8-AF6D-C8A64B83DE44}.Debug|Any CPU.ActiveCfg = Debug|Any CPU
		{6F7C69CE-42E0-1AD8-AF6D-C8A64B83DE44}.Debug|Any CPU.Build.0 = Debug|Any CPU
		{6F7C69CE-42E0-1AD8-AF6D-C8A64B83DE44}.Release|Any CPU.ActiveCfg = Release|Any CPU
		{6F7C69CE-42E0-1AD8-AF6D-C8A64B83DE44}.Release|Any CPU.Build.0 = Release|Any CPU
	EndGlobalSection
	GlobalSection(SolutionProperties) = preSolution
		HideSolutionNode = FALSE
	EndGlobalSection
EndGlobal
